
Microsoft Visual Studio Solution File, Format Version 12.00
# Visual Studio Version 17
VisualStudioVersion = 17.7.34009.444
MinimumVisualStudioVersion = 10.0.40219.1
Project("{2150E333-8FDC-42A3-9474-1A3956D46DE8}") = "src", "src", "{32C439F5-3E65-4B41-B3EB-014F86BC16D6}"
EndProject
Project("{2150E333-8FDC-42A3-9474-1A3956D46DE8}") = "tests", "tests", "{F266E698-BAF3-49F3-9566-2A3F45EEAB06}"
EndProject
Project("{FAE04EC0-301F-11D3-BF4B-00C04F79EFBC}") = "Server", "src\Server\Server.csproj", "{F1641B61-36E2-49C6-ACC0-4C89B37D34BD}"
EndProject
Project("{2150E333-8FDC-42A3-9474-1A3956D46DE8}") = "Solution Items", "Solution Items", "{DC1761B9-2C22-4B0D-B3CF-C7B5F3E6C7C6}"
	ProjectSection(SolutionItems) = preProject
		.gitignore = .gitignore
	EndProjectSection
EndProject
Global
	GlobalSection(SolutionConfigurationPlatforms) = preSolution
		Debug|Any CPU = Debug|Any CPU
		Release|Any CPU = Release|Any CPU
	EndGlobalSection
	GlobalSection(ProjectConfigurationPlatforms) = postSolution
		{F1641B61-36E2-49C6-ACC0-4C89B37D34BD}.Debug|Any CPU.ActiveCfg = Debug|Any CPU
		{F1641B61-36E2-49C6-ACC0-4C89B37D34BD}.Debug|Any CPU.Build.0 = Debug|Any CPU
		{F1641B61-36E2-49C6-ACC0-4C89B37D34BD}.Release|Any CPU.ActiveCfg = Release|Any CPU
		{F1641B61-36E2-49C6-ACC0-4C89B37D34BD}.Release|Any CPU.Build.0 = Release|Any CPU
	EndGlobalSection
	GlobalSection(SolutionProperties) = preSolution
		HideSolutionNode = FALSE
	EndGlobalSection
	GlobalSection(NestedProjects) = preSolution
		{F1641B61-36E2-49C6-ACC0-4C89B37D34BD} = {32C439F5-3E65-4B41-B3EB-014F86BC16D6}
	EndGlobalSection
	GlobalSection(ExtensibilityGlobals) = postSolution
		SolutionGuid = {8A13364A-0B83-491E-9F72-F38C6A309932}
	EndGlobalSection
EndGlobal
